plots/UK-London.png
plots/UK-Bristol.png
plots/UK-Manchester.png
data/aggregate/UK-London.csv
data/aggregate/UK-Manchester.csv
data/aggregate/UK-Bristol.csv
data/processed/UK-London--20150701.csv
data/processed/UK-London--20150702.csv
data/processed/UK-London--20150703.csv
data/processed/UK-London--20150704.csv
data/processed/UK-London--20150705.csv
data/processed/UK-London--20150706.csv
data/processed/UK-London--20150707.csv
data/processed/UK-London--20150708.csv
data/processed/UK-London--20150709.csv
data/processed/UK-London--20150710.csv
data/processed/UK-Manchester--20150701.csv
data/processed/UK-Manchester--20150702.csv
data/processed/UK-Manchester--20150703.csv
data/processed/UK-Manchester--20150704.csv
data/processed/UK-Manchester--20150705.csv
data/processed/UK-Manchester--20150706.csv
data/processed/UK-Manchester--20150707.csv
data/processed/UK-Manchester--20150708.csv
data/processed/UK-Manchester--20150709.csv
data/processed/UK-Manchester--20150710.csv
data/processed/UK-Bristol--20150701.csv
data/processed/UK-Bristol--20150702.csv
data/processed/UK-Bristol--20150703.csv
data/processed/UK-Bristol--20150704.csv
data/processed/UK-Bristol--20150705.csv
data/processed/UK-Bristol--20150706.csv
data/processed/UK-Bristol--20150707.csv
data/processed/UK-Bristol--20150708.csv
data/processed/UK-Bristol--20150709.csv
data/processed/UK-Bristol--20150710.csv
data/raw/UK-London--20150706.json
data/raw/UK-London--20150703.json
data/raw/UK-London--20150710.json
data/raw/UK-London--20150705.json
data/raw/UK-London--20150701.json
data/raw/UK-London--20150702.json
data/raw/UK-London--20150707.json
data/raw/UK-London--20150709.json
data/raw/UK-London--20150704.json
data/raw/UK-London--20150708.json
data/raw/UK-Manchester--20150701.json
data/raw/UK-Manchester--20150705.json
data/raw/UK-Manchester--20150709.json
data/raw/UK-Manchester--20150707.json
data/raw/UK-Manchester--20150708.json
data/raw/UK-Manchester--20150702.json
data/raw/UK-Manchester--20150706.json
data/raw/UK-Manchester--20150710.json
data/raw/UK-Manchester--20150704.json
data/raw/UK-Manchester--20150703.json
data/raw/UK-Bristol--20150705.json
data/raw/UK-Bristol--20150706.json
data/raw/UK-Bristol--20150708.json
data/raw/UK-Bristol--20150707.json
data/raw/UK-Bristol--20150709.json
data/raw/UK-Bristol--20150710.json
data/raw/UK-Bristol--20150701.json
data/raw/UK-Bristol--20150702.json
data/raw/UK-Bristol--20150703.json
data/raw/UK-Bristol--20150704.json
